
Microsoft Visual Studio Solution File, Format Version 12.00
# Visual Studio Version 17
VisualStudioVersion = 17.10.34928.147
MinimumVisualStudioVersion = 10.0.40219.1
Project("{9A19103F-16F7-4668-BE54-9A1E7A4F7556}") = "ModelMapper.Core", "ModelMapper.Core\ModelMapper.Core.csproj", "{2A928AF8-56C0-44EA-A62F-C3D42C5EA337}"
EndProject
Project("{9A19103F-16F7-4668-BE54-9A1E7A4F7556}") = "DIRS21.DataModel", "DIRS21.DataModel\DIRS21.DataModel.csproj", "{E7F2F687-1FE4-4148-8F53-E9D88703A97A}"
EndProject
Project("{9A19103F-16F7-4668-BE54-9A1E7A4F7556}") = "ExternalClient.DataModel", "ExternalClient.DataModel\ExternalClient.DataModel.csproj", "{ABD434AD-EB99-4AD0-8A56-0C547F1118BE}"
EndProject
Project("{9A19103F-16F7-4668-BE54-9A1E7A4F7556}") = "DIRS21.Application", "DIRS21.Application\DIRS21.Application.csproj", "{3E7A036E-74A0-4DDD-9E1A-3E430A9CCFB6}"
EndProject
Project("{9A19103F-16F7-4668-BE54-9A1E7A4F7556}") = "DIRS21.Core", "DIRS21.Core\DIRS21.Core.csproj", "{0A9F4E36-46FB-4722-81E0-1F3CE7B62BB3}"
EndProject
Project("{2150E333-8FDC-42A3-9474-1A3956D46DE8}") = "tests", "tests", "{3929AE6D-DE46-4DD3-BBD7-3FCC4C7011E7}"
EndProject
Project("{2150E333-8FDC-42A3-9474-1A3956D46DE8}") = "src", "src", "{511214BE-8F4F-4C6C-BC6E-50A3EFFAE709}"
EndProject
Project("{9A19103F-16F7-4668-BE54-9A1E7A4F7556}") = "DIRS21.Unittests", "DIRS21.Unittests\DIRS21.Unittests.csproj", "{F1BFA92E-D1C2-4D28-917E-D353F0DA36A8}"
EndProject
Project("{FAE04EC0-301F-11D3-BF4B-00C04F79EFBC}") = "DIRS21.IntegrationTests", "DIRS21.IntegrationTests\DIRS21.IntegrationTests.csproj", "{887C8C13-E975-481D-9CA6-80F94A6D458B}"
EndProject
Global
	GlobalSection(SolutionConfigurationPlatforms) = preSolution
		Debug|Any CPU = Debug|Any CPU
		Release|Any CPU = Release|Any CPU
	EndGlobalSection
	GlobalSection(ProjectConfigurationPlatforms) = postSolution
		{2A928AF8-56C0-44EA-A62F-C3D42C5EA337}.Debug|Any CPU.ActiveCfg = Debug|Any CPU
		{2A928AF8-56C0-44EA-A62F-C3D42C5EA337}.Debug|Any CPU.Build.0 = Debug|Any CPU
		{2A928AF8-56C0-44EA-A62F-C3D42C5EA337}.Release|Any CPU.ActiveCfg = Release|Any CPU
		{2A928AF8-56C0-44EA-A62F-C3D42C5EA337}.Release|Any CPU.Build.0 = Release|Any CPU
		{E7F2F687-1FE4-4148-8F53-E9D88703A97A}.Debug|Any CPU.ActiveCfg = Debug|Any CPU
		{E7F2F687-1FE4-4148-8F53-E9D88703A97A}.Debug|Any CPU.Build.0 = Debug|Any CPU
		{E7F2F687-1FE4-4148-8F53-E9D88703A97A}.Release|Any CPU.ActiveCfg = Release|Any CPU
		{E7F2F687-1FE4-4148-8F53-E9D88703A97A}.Release|Any CPU.Build.0 = Release|Any CPU
		{ABD434AD-EB99-4AD0-8A56-0C547F1118BE}.Debug|Any CPU.ActiveCfg = Debug|Any CPU
		{ABD434AD-EB99-4AD0-8A56-0C547F1118BE}.Debug|Any CPU.Build.0 = Debug|Any CPU
		{ABD434AD-EB99-4AD0-8A56-0C547F1118BE}.Release|Any CPU.ActiveCfg = Release|Any CPU
		{ABD434AD-EB99-4AD0-8A56-0C547F1118BE}.Release|Any CPU.Build.0 = Release|Any CPU
		{3E7A036E-74A0-4DDD-9E1A-3E430A9CCFB6}.Debug|Any CPU.ActiveCfg = Debug|Any CPU
		{3E7A036E-74A0-4DDD-9E1A-3E430A9CCFB6}.Debug|Any CPU.Build.0 = Debug|Any CPU
		{3E7A036E-74A0-4DDD-9E1A-3E430A9CCFB6}.Release|Any CPU.ActiveCfg = Release|Any CPU
		{3E7A036E-74A0-4DDD-9E1A-3E430A9CCFB6}.Release|Any CPU.Build.0 = Release|Any CPU
		{0A9F4E36-46FB-4722-81E0-1F3CE7B62BB3}.Debug|Any CPU.ActiveCfg = Debug|Any CPU
		{0A9F4E36-46FB-4722-81E0-1F3CE7B62BB3}.Debug|Any CPU.Build.0 = Debug|Any CPU
		{0A9F4E36-46FB-4722-81E0-1F3CE7B62BB3}.Release|Any CPU.ActiveCfg = Release|Any CPU
		{0A9F4E36-46FB-4722-81E0-1F3CE7B62BB3}.Release|Any CPU.Build.0 = Release|Any CPU
		{F1BFA92E-D1C2-4D28-917E-D353F0DA36A8}.Debug|Any CPU.ActiveCfg = Debug|Any CPU
		{F1BFA92E-D1C2-4D28-917E-D353F0DA36A8}.Debug|Any CPU.Build.0 = Debug|Any CPU
		{F1BFA92E-D1C2-4D28-917E-D353F0DA36A8}.Release|Any CPU.ActiveCfg = Release|Any CPU
		{F1BFA92E-D1C2-4D28-917E-D353F0DA36A8}.Release|Any CPU.Build.0 = Release|Any CPU
		{887C8C13-E975-481D-9CA6-80F94A6D458B}.Debug|Any CPU.ActiveCfg = Debug|Any CPU
		{887C8C13-E975-481D-9CA6-80F94A6D458B}.Debug|Any CPU.Build.0 = Debug|Any CPU
		{887C8C13-E975-481D-9CA6-80F94A6D458B}.Release|Any CPU.ActiveCfg = Release|Any CPU
		{887C8C13-E975-481D-9CA6-80F94A6D458B}.Release|Any CPU.Build.0 = Release|Any CPU
	EndGlobalSection
	GlobalSection(SolutionProperties) = preSolution
		HideSolutionNode = FALSE
	EndGlobalSection
	GlobalSection(NestedProjects) = preSolution
		{2A928AF8-56C0-44EA-A62F-C3D42C5EA337} = {511214BE-8F4F-4C6C-BC6E-50A3EFFAE709}
		{E7F2F687-1FE4-4148-8F53-E9D88703A97A} = {511214BE-8F4F-4C6C-BC6E-50A3EFFAE709}
		{ABD434AD-EB99-4AD0-8A56-0C547F1118BE} = {511214BE-8F4F-4C6C-BC6E-50A3EFFAE709}
		{3E7A036E-74A0-4DDD-9E1A-3E430A9CCFB6} = {511214BE-8F4F-4C6C-BC6E-50A3EFFAE709}
		{0A9F4E36-46FB-4722-81E0-1F3CE7B62BB3} = {511214BE-8F4F-4C6C-BC6E-50A3EFFAE709}
		{F1BFA92E-D1C2-4D28-917E-D353F0DA36A8} = {3929AE6D-DE46-4DD3-BBD7-3FCC4C7011E7}
		{887C8C13-E975-481D-9CA6-80F94A6D458B} = {3929AE6D-DE46-4DD3-BBD7-3FCC4C7011E7}
	EndGlobalSection
	GlobalSection(ExtensibilityGlobals) = postSolution
		SolutionGuid = {80AA1E66-0BC9-42AB-A724-BE944675CDD1}
	EndGlobalSection
EndGlobal
